// !$*UTF8*$!
{
	archiveVersion = 1;
	classes = {
	};
	objectVersion = 50;
	objects = {

/* Begin PBXBuildFile section */
		325B3C71238D9C5A0065F464 /* AppDelegate.swift in Sources */ = {isa = PBXBuildFile; fileRef = 325B3C70238D9C5A0065F464 /* AppDelegate.swift */; };
		325B3C73238D9C5A0065F464 /* SceneDelegate.swift in Sources */ = {isa = PBXBuildFile; fileRef = 325B3C72238D9C5A0065F464 /* SceneDelegate.swift */; };
		325B3C75238D9C5A0065F464 /* ViewController.swift in Sources */ = {isa = PBXBuildFile; fileRef = 325B3C74238D9C5A0065F464 /* ViewController.swift */; };
		325B3C78238D9C5A0065F464 /* Main.storyboard in Resources */ = {isa = PBXBuildFile; fileRef = 325B3C76238D9C5A0065F464 /* Main.storyboard */; };
		325B3C7A238D9C5B0065F464 /* Assets.xcassets in Resources */ = {isa = PBXBuildFile; fileRef = 325B3C79238D9C5B0065F464 /* Assets.xcassets */; };
		325B3C7D238D9C5B0065F464 /* LaunchScreen.storyboard in Resources */ = {isa = PBXBuildFile; fileRef = 325B3C7B238D9C5B0065F464 /* LaunchScreen.storyboard */; };
		325B3C85238DA2C10065F464 /* turkeyViewController.swift in Sources */ = {isa = PBXBuildFile; fileRef = 325B3C84238DA2C10065F464 /* turkeyViewController.swift */; };
/* End PBXBuildFile section */

/* Begin PBXFileReference section */
		325B3C6D238D9C5A0065F464 /* segueLecture.app */ = {isa = PBXFileReference; explicitFileType = wrapper.application; includeInIndex = 0; path = segueLecture.app; sourceTree = BUILT_PRODUCTS_DIR; };
		325B3C70238D9C5A0065F464 /* AppDelegate.swift */ = {isa = PBXFileReference; lastKnownFileType = sourcecode.swift; path = AppDelegate.swift; sourceTree = "<group>"; };
		325B3C72238D9C5A0065F464 /* SceneDelegate.swift */ = {isa = PBXFileReference; lastKnownFileType = sourcecode.swift; path = SceneDelegate.swift; sourceTree = "<group>"; };
		325B3C74238D9C5A0065F464 /* ViewController.swift */ = {isa = PBXFileReference; lastKnownFileType = sourcecode.swift; path = ViewController.swift; sourceTree = "<group>"; };
		325B3C77238D9C5A0065F464 /* Base */ = {isa = PBXFileReference; lastKnownFileType = file.storyboard; name = Base; path = Base.lproj/Main.storyboard; sourceTree = "<group>"; };
		325B3C79238D9C5B0065F464 /* Assets.xcassets */ = {isa = PBXFileReference; lastKnownFileType = folder.assetcatalog; path = Assets.xcassets; sourceTree = "<group>"; };
		325B3C7C238D9C5B0065F464 /* Base */ = {isa = PBXFileReference; lastKnownFileType = file.storyboard; name = Base; path = Base.lproj/LaunchScreen.storyboard; sourceTree = "<group>"; };
		325B3C7E238D9C5B0065F464 /* Info.plist */ = {isa = PBXFileReference; lastKnownFileType = text.plist.xml; path = Info.plist; sourceTree = "<group>"; };
		325B3C84238DA2C10065F464 /* turkeyViewController.swift */ = {isa = PBXFileReference; lastKnownFileType = sourcecode.swift; path = turkeyViewController.swift; sourceTree = "<group>"; };
/* End PBXFileReference section */

/* Begin PBXFrameworksBuildPhase section */
		325B3C6A238D9C5A0065F464 /* Frameworks */ = {
			isa = PBXFrameworksBuildPhase;
			buildActionMask = 2147483647;
			files = (
			);
			runOnlyForDeploymentPostprocessing = 0;
		};
/* End PBXFrameworksBuildPhase section */

/* Begin PBXGroup section */
		325B3C64238D9C5A0065F464 = {
			isa = PBXGroup;
			children = (
				325B3C6F238D9C5A0065F464 /* segueLecture */,
				325B3C6E238D9C5A0065F464 /* Products */,
			);
			sourceTree = "<group>";
		};
		325B3C6E238D9C5A0065F464 /* Products */ = {
			isa = PBXGroup;
			children = (
				325B3C6D238D9C5A0065F464 /* segueLecture.app */,
			);
			name = Products;
			sourceTree = "<group>";
		};
		325B3C6F238D9C5A0065F464 /* segueLecture */ = {
			isa = PBXGroup;
			children = (
				325B3C70238D9C5A0065F464 /* AppDelegate.swift */,
				325B3C72238D9C5A0065F464 /* SceneDelegate.swift */,
				325B3C74238D9C5A0065F464 /* ViewController.swift */,
				325B3C76238D9C5A0065F464 /* Main.storyboard */,
				325B3C84238DA2C10065F464 /* turkeyViewController.swift */,
				325B3C79238D9C5B0065F464 /* Assets.xcassets */,
				325B3C7B238D9C5B0065F464 /* LaunchScreen.storyboard */,
				325B3C7E238D9C5B0065F464 /* Info.plist */,
			);
			path = segueLecture;
			sourceTree = "<group>";
		};
/* End PBXGroup section */

/* Begin PBXNativeTarget section */
		325B3C6C238D9C5A0065F464 /* segueLecture */ = {
			isa = PBXNativeTarget;
			buildConfigurationList = 325B3C81238D9C5B0065F464 /* Build configuration list for PBXNativeTarget "segueLecture" */;
			buildPhases = (
				325B3C69238D9C5A0065F464 /* Sources */,
				325B3C6A238D9C5A0065F464 /* Frameworks */,
				325B3C6B238D9C5A0065F464 /* Resources */,
			);
			buildRules = (
			);
			dependencies = (
			);
			name = segueLecture;
			productName = segueLecture;
			productReference = 325B3C6D238D9C5A0065F464 /* segueLecture.app */;
			productType = "com.apple.product-type.application";
		};
/* End PBXNativeTarget section */

/* Begin PBXProject section */
		325B3C65238D9C5A0065F464 /* Project object */ = {
			isa = PBXProject;
			attributes = {
				LastSwiftUpdateCheck = 1110;
				LastUpgradeCheck = 1110;
				ORGANIZATIONNAME = "alex boguszewski";
				TargetAttributes = {
					325B3C6C238D9C5A0065F464 = {
						CreatedOnToolsVersion = 11.1;
					};
				};
			};
			buildConfigurationList = 325B3C68238D9C5A0065F464 /* Build configuration list for PBXProject "segueLecture" */;
			compatibilityVersion = "Xcode 9.3";
			developmentRegion = en;
			hasScannedForEncodings = 0;
			knownRegions = (
				en,
				Base,
			);
			mainGroup = 325B3C64238D9C5A0065F464;
			productRefGroup = 325B3C6E238D9C5A0065F464 /* Products */;
			projectDirPath = "";
			projectRoot = "";
			targets = (
				325B3C6C238D9C5A0065F464 /* segueLecture */,
			);
		};
/* End PBXProject section */

/* Begin PBXResourcesBuildPhase section */
		325B3C6B238D9C5A0065F464 /* Resources */ = {
			isa = PBXResourcesBuildPhase;
			buildActionMask = 2147483647;
			files = (
				325B3C7D238D9C5B0065F464 /* LaunchScreen.storyboard in Resources */,
				325B3C7A238D9C5B0065F464 /* Assets.xcassets in Resources */,
				325B3C78238D9C5A0065F464 /* Main.storyboard in Resources */,
			);
			runOnlyForDeploymentPostprocessing = 0;
		};
/* End PBXResourcesBuildPhase section */

/* Begin PBXSourcesBuildPhase section */
		325B3C69238D9C5A0065F464 /* Sources */ = {
			isa = PBXSourcesBuildPhase;
			buildActionMask = 2147483647;
			files = (
				325B3C85238DA2C10065F464 /* turkeyViewController.swift in Sources */,
				325B3C75238D9C5A0065F464 /* ViewController.swift in Sources */,
				325B3C71238D9C5A0065F464 /* AppDelegate.swift in Sources */,
				325B3C73238D9C5A0065F464 /* SceneDelegate.swift in Sources */,
			);
			runOnlyForDeploymentPostprocessing = 0;
		};
/* End PBXSourcesBuildPhase section */

/* Begin PBXVariantGroup section */
		325B3C76238D9C5A0065F464 /* Main.storyboard */ = {
			isa = PBXVariantGroup;
			children = (
				325B3C77238D9C5A0065F464 /* Base */,
			);
			name = Main.storyboard;
			sourceTree = "<group>";
		};
		325B3C7B238D9C5B0065F464 /* LaunchScreen.storyboard */ = {
			isa = PBXVariantGroup;
			children = (
				325B3C7C238D9C5B0065F464 /* Base */,
			);
			name = LaunchScreen.storyboard;
			sourceTree = "<group>";
		};
/* End PBXVariantGroup section */

/* Begin XCBuildConfiguration section */
		325B3C7F238D9C5B0065F464 /* Debug */ = {
			isa = XCBuildConfiguration;
			buildSettings = {
				ALWAYS_SEARCH_USER_PATHS = NO;
				CLANG_ANALYZER_NONNULL = YES;
				CLANG_ANALYZER_NUMBER_OBJECT_CONVERSION = YES_AGGRESSIVE;
				CLANG_CXX_LANGUAGE_STANDARD = "gnu++14";
				CLANG_CXX_LIBRARY = "libc++";
				CLANG_ENABLE_MODULES = YES;
				CLANG_ENABLE_OBJC_ARC = YES;
				CLANG_ENABLE_OBJC_WEAK = YES;
				CLANG_WARN_BLOCK_CAPTURE_AUTORELEASING = YES;
				CLANG_WARN_BOOL_CONVERSION = YES;
				CLANG_WARN_COMMA = YES;
				CLANG_WARN_CONSTANT_CONVERSION = YES;
				CLANG_WARN_DEPRECATED_OBJC_IMPLEMENTATIONS = YES;
				CLANG_WARN_DIRECT_OBJC_ISA_USAGE = YES_ERROR;
				CLANG_WARN_DOCUMENTATION_COMMENTS = YES;
				CLANG_WARN_EMPTY_BODY = YES;
				CLANG_WARN_ENUM_CONVERSION = YES;
				CLANG_WARN_INFINITE_RECURSION = YES;
				CLANG_WARN_INT_CONVERSION = YES;
				CLANG_WARN_NON_LITERAL_NULL_CONVERSION = YES;
				CLANG_WARN_OBJC_IMPLICIT_RETAIN_SELF = YES;
				CLANG_WARN_OBJC_LITERAL_CONVERSION = YES;
				CLANG_WARN_OBJC_ROOT_CLASS = YES_ERROR;
				CLANG_WARN_RANGE_LOOP_ANALYSIS = YES;
				CLANG_WARN_STRICT_PROTOTYPES = YES;
				CLANG_WARN_SUSPICIOUS_MOVE = YES;
				CLANG_WARN_UNGUARDED_AVAILABILITY = YES_AGGRESSIVE;
				CLANG_WARN_UNREACHABLE_CODE = YES;
				CLANG_WARN__DUPLICATE_METHOD_MATCH = YES;
				COPY_PHASE_STRIP = NO;
				DEBUG_INFORMATION_FORMAT = dwarf;
				ENABLE_STRICT_OBJC_MSGSEND = YES;
				ENABLE_TESTABILITY = YES;
				GCC_C_LANGUAGE_STANDARD = gnu11;
				GCC_DYNAMIC_NO_PIC = NO;
				GCC_NO_COMMON_BLOCKS = YES;
				GCC_OPTIMIZATION_LEVEL = 0;
				GCC_PREPROCESSOR_DEFINITIONS = (
					"DEBUG=1",
					"$(inherited)",
				);
				GCC_WARN_64_TO_32_BIT_CONVERSION = YES;
				GCC_WARN_ABOUT_RETURN_TYPE = YES_ERROR;
				GCC_WARN_UNDECLARED_SELECTOR = YES;
				GCC_WARN_UNINITIALIZED_AUTOS = YES_AGGRESSIVE;
				GCC_WARN_UNUSED_FUNCTION = YES;
				GCC_WARN_UNUSED_VARIABLE = YES;
				IPHONEOS_DEPLOYMENT_TARGET = 13.1;
				MTL_ENABLE_DEBUG_INFO = INCLUDE_SOURCE;
				MTL_FAST_MATH = YES;
				ONLY_ACTIVE_ARCH = YES;
				SDKROOT = iphoneos;
				SWIFT_ACTIVE_COMPILATION_CONDITIONS = DEBUG;
				SWIFT_OPTIMIZATION_LEVEL = "-Onone";
			};
			name = Debug;
		};
		325B3C80238D9C5B0065F464 /* Release */ = {
			isa = XCBuildConfiguration;
			buildSettings = {
				ALWAYS_SEARCH_USER_PATHS = NO;
				CLANG_ANALYZER_NONNULL = YES;
				CLANG_ANALYZER_NUMBER_OBJECT_CONVERSION = YES_AGGRESSIVE;
				CLANG_CXX_LANGUAGE_STANDARD = "gnu++14";
				CLANG_CXX_LIBRARY = "libc++";
				CLANG_ENABLE_MODULES = YES;
				CLANG_ENABLE_OBJC_ARC = YES;
				CLANG_ENABLE_OBJC_WEAK = YES;
				CLANG_WARN_BLOCK_CAPTURE_AUTORELEASING = YES;
				CLANG_WARN_BOOL_CONVERSION = YES;
				CLANG_WARN_COMMA = YES;
				CLANG_WARN_CONSTANT_CONVERSION = YES;
				CLANG_WARN_DEPRECATED_OBJC_IMPLEMENTATIONS = YES;
				CLANG_WARN_DIRECT_OBJC_ISA_USAGE = YES_ERROR;
				CLANG_WARN_DOCUMENTATION_COMMENTS = YES;
				CLANG_WARN_EMPTY_BODY = YES;
				CLANG_WARN_ENUM_CONVERSION = YES;
				CLANG_WARN_INFINITE_RECURSION = YES;
				CLANG_WARN_INT_CONVERSION = YES;
				CLANG_WARN_NON_LITERAL_NULL_CONVERSION = YES;
				CLANG_WARN_OBJC_IMPLICIT_RETAIN_SELF = YES;
				CLANG_WARN_OBJC_LITERAL_CONVERSION = YES;
				CLANG_WARN_OBJC_ROOT_CLASS = YES_ERROR;
				CLANG_WARN_RANGE_LOOP_ANALYSIS = YES;
				CLANG_WARN_STRICT_PROTOTYPES = YES;
				CLANG_WARN_SUSPICIOUS_MOVE = YES;
				CLANG_WARN_UNGUARDED_AVAILABILITY = YES_AGGRESSIVE;
				CLANG_WARN_UNREACHABLE_CODE = YES;
				CLANG_WARN__DUPLICATE_METHOD_MATCH = YES;
				COPY_PHASE_STRIP = NO;
				DEBUG_INFORMATION_FORMAT = "dwarf-with-dsym";
				ENABLE_NS_ASSERTIONS = NO;
				ENABLE_STRICT_OBJC_MSGSEND = YES;
				GCC_C_LANGUAGE_STANDARD = gnu11;
				GCC_NO_COMMON_BLOCKS = YES;
				GCC_WARN_64_TO_32_BIT_CONVERSION = YES;
				GCC_WARN_ABOUT_RETURN_TYPE = YES_ERROR;
				GCC_WARN_UNDECLARED_SELECTOR = YES;
				GCC_WARN_UNINITIALIZED_AUTOS = YES_AGGRESSIVE;
				GCC_WARN_UNUSED_FUNCTION = YES;
				GCC_WARN_UNUSED_VARIABLE = YES;
				IPHONEOS_DEPLOYMENT_TARGET = 13.1;
				MTL_ENABLE_DEBUG_INFO = NO;
				MTL_FAST_MATH = YES;
				SDKROOT = iphoneos;
				SWIFT_COMPILATION_MODE = wholemodule;
				SWIFT_OPTIMIZATION_LEVEL = "-O";
				VALIDATE_PRODUCT = YES;
			};
			name = Release;
		};
		325B3C82238D9C5B0065F464 /* Debug */ = {
			isa = XCBuildConfiguration;
			buildSettings = {
				ASSETCATALOG_COMPILER_APPICON_NAME = AppIcon;
				CODE_SIGN_STYLE = Automatic;
				INFOPLIST_FILE = segueLecture/Info.plist;
				LD_RUNPATH_SEARCH_PATHS = (
					"$(inherited)",
					"@executable_path/Frameworks",
				);
				PRODUCT_BUNDLE_IDENTIFIER = org.d214.jhhs.622037.segueLecture;
				PRODUCT_NAME = "$(TARGET_NAME)";
				SWIFT_VERSION = 5.0;
				TARGETED_DEVICE_FAMILY = "1,2";
			};
			name = Debug;
		};
		325B3C83238D9C5B0065F464 /* Release */ = {
			isa = XCBuildConfiguration;
			buildSettings = {
				ASSETCATALOG_COMPILER_APPICON_NAME = AppIcon;
				CODE_SIGN_STYLE = Automatic;
				INFOPLIST_FILE = segueLecture/Info.plist;
				LD_RUNPATH_SEARCH_PATHS = (
					"$(inherited)",
					"@executable_path/Frameworks",
				);
				PRODUCT_BUNDLE_IDENTIFIER = org.d214.jhhs.622037.segueLecture;
				PRODUCT_NAME = "$(TARGET_NAME)";
				SWIFT_VERSION = 5.0;
				TARGETED_DEVICE_FAMILY = "1,2";
			};
			name = Release;
		};
/* End XCBuildConfiguration section */

/* Begin XCConfigurationList section */
		325B3C68238D9C5A0065F464 /* Build configuration list for PBXProject "segueLecture" */ = {
			isa = XCConfigurationList;
			buildConfigurations = (
				325B3C7F238D9C5B0065F464 /* Debug */,
				325B3C80238D9C5B0065F464 /* Release */,
			);
			defaultConfigurationIsVisible = 0;
			defaultConfigurationName = Release;
		};
		325B3C81238D9C5B0065F464 /* Build configuration list for PBXNativeTarget "segueLecture" */ = {
			isa = XCConfigurationList;
			buildConfigurations = (
				325B3C82238D9C5B0065F464 /* Debug */,
				325B3C83238D9C5B0065F464 /* Release */,
			);
			defaultConfigurationIsVisible = 0;
			defaultConfigurationName = Release;
		};
/* End XCConfigurationList section */
	};
	rootObject = 325B3C65238D9C5A0065F464 /* Project object */;
}
